
Microsoft Visual Studio Solution File, Format Version 12.00
# Visual Studio Version 17
VisualStudioVersion = 17.2.32630.192
MinimumVisualStudioVersion = 10.0.40219.1
Project("{FAE04EC0-301F-11D3-BF4B-00C04F79EFBC}") = "Array", "Array\Array.csproj", "{7262C036-8EB9-4396-8D32-F5AF92E5087A}"
EndProject
Global
	GlobalSection(SolutionConfigurationPlatforms) = preSolution
		Debug|Any CPU = Debug|Any CPU
		Release|Any CPU = Release|Any CPU
	EndGlobalSection
	GlobalSection(ProjectConfigurationPlatforms) = postSolution
		{7262C036-8EB9-4396-8D32-F5AF92E5087A}.Debug|Any CPU.ActiveCfg = Debug|Any CPU
		{7262C036-8EB9-4396-8D32-F5AF92E5087A}.Debug|Any CPU.Build.0 = Debug|Any CPU
		{7262C036-8EB9-4396-8D32-F5AF92E5087A}.Release|Any CPU.ActiveCfg = Release|Any CPU
		{7262C036-8EB9-4396-8D32-F5AF92E5087A}.Release|Any CPU.Build.0 = Release|Any CPU
	EndGlobalSection
	GlobalSection(SolutionProperties) = preSolution
		HideSolutionNode = FALSE
	EndGlobalSection
	GlobalSection(ExtensibilityGlobals) = postSolution
		SolutionGuid = {47474998-9446-44B4-BB7A-C965C3D9F91B}
	EndGlobalSection
EndGlobal
