
Microsoft Visual Studio Solution File, Format Version 12.00
# Visual Studio Version 17
VisualStudioVersion = 17.2.32630.192
MinimumVisualStudioVersion = 10.0.40219.1
Project("{FAE04EC0-301F-11D3-BF4B-00C04F79EFBC}") = "BasicProgram", "BasicProgram\BasicProgram.csproj", "{4C0AF4B1-AE0D-458D-86F8-96FD1674BA57}"
EndProject
Global
	GlobalSection(SolutionConfigurationPlatforms) = preSolution
		Debug|Any CPU = Debug|Any CPU
		Release|Any CPU = Release|Any CPU
	EndGlobalSection
	GlobalSection(ProjectConfigurationPlatforms) = postSolution
		{4C0AF4B1-AE0D-458D-86F8-96FD1674BA57}.Debug|Any CPU.ActiveCfg = Debug|Any CPU
		{4C0AF4B1-AE0D-458D-86F8-96FD1674BA57}.Debug|Any CPU.Build.0 = Debug|Any CPU
		{4C0AF4B1-AE0D-458D-86F8-96FD1674BA57}.Release|Any CPU.ActiveCfg = Release|Any CPU
		{4C0AF4B1-AE0D-458D-86F8-96FD1674BA57}.Release|Any CPU.Build.0 = Release|Any CPU
	EndGlobalSection
	GlobalSection(SolutionProperties) = preSolution
		HideSolutionNode = FALSE
	EndGlobalSection
	GlobalSection(ExtensibilityGlobals) = postSolution
		SolutionGuid = {F019CC2C-8E9A-438B-A4E0-D847AF9F4126}
	EndGlobalSection
EndGlobal
