
Microsoft Visual Studio Solution File, Format Version 12.00
# Visual Studio Version 17
VisualStudioVersion = 17.1.32421.90
MinimumVisualStudioVersion = 10.0.40219.1
Project("{FAE04EC0-301F-11D3-BF4B-00C04F79EFBC}") = "StarProgram3", "StarProgram3\StarProgram3.csproj", "{F0BDF4B9-940E-46C1-A446-4DC002D5E1E9}"
EndProject
Global
	GlobalSection(SolutionConfigurationPlatforms) = preSolution
		Debug|Any CPU = Debug|Any CPU
		Release|Any CPU = Release|Any CPU
	EndGlobalSection
	GlobalSection(ProjectConfigurationPlatforms) = postSolution
		{F0BDF4B9-940E-46C1-A446-4DC002D5E1E9}.Debug|Any CPU.ActiveCfg = Debug|Any CPU
		{F0BDF4B9-940E-46C1-A446-4DC002D5E1E9}.Debug|Any CPU.Build.0 = Debug|Any CPU
		{F0BDF4B9-940E-46C1-A446-4DC002D5E1E9}.Release|Any CPU.ActiveCfg = Release|Any CPU
		{F0BDF4B9-940E-46C1-A446-4DC002D5E1E9}.Release|Any CPU.Build.0 = Release|Any CPU
	EndGlobalSection
	GlobalSection(SolutionProperties) = preSolution
		HideSolutionNode = FALSE
	EndGlobalSection
	GlobalSection(ExtensibilityGlobals) = postSolution
		SolutionGuid = {EE1A88DF-0D38-421A-9111-6A5A5A66E238}
	EndGlobalSection
EndGlobal
