
Microsoft Visual Studio Solution File, Format Version 12.00
# Visual Studio Version 17
VisualStudioVersion = 17.1.32421.90
MinimumVisualStudioVersion = 10.0.40219.1
Project("{FAE04EC0-301F-11D3-BF4B-00C04F79EFBC}") = "Enum", "Enum\Enum.csproj", "{953AEB85-61FD-48AA-823C-0FF471E551A5}"
EndProject
Global
	GlobalSection(SolutionConfigurationPlatforms) = preSolution
		Debug|Any CPU = Debug|Any CPU
		Release|Any CPU = Release|Any CPU
	EndGlobalSection
	GlobalSection(ProjectConfigurationPlatforms) = postSolution
		{953AEB85-61FD-48AA-823C-0FF471E551A5}.Debug|Any CPU.ActiveCfg = Debug|Any CPU
		{953AEB85-61FD-48AA-823C-0FF471E551A5}.Debug|Any CPU.Build.0 = Debug|Any CPU
		{953AEB85-61FD-48AA-823C-0FF471E551A5}.Release|Any CPU.ActiveCfg = Release|Any CPU
		{953AEB85-61FD-48AA-823C-0FF471E551A5}.Release|Any CPU.Build.0 = Release|Any CPU
	EndGlobalSection
	GlobalSection(SolutionProperties) = preSolution
		HideSolutionNode = FALSE
	EndGlobalSection
	GlobalSection(ExtensibilityGlobals) = postSolution
		SolutionGuid = {68B98751-CD05-40F6-9EDD-29DF07DEA3C3}
	EndGlobalSection
EndGlobal
