
Microsoft Visual Studio Solution File, Format Version 12.00
# Visual Studio Version 17
VisualStudioVersion = 17.1.32421.90
MinimumVisualStudioVersion = 10.0.40219.1
Project("{FAE04EC0-301F-11D3-BF4B-00C04F79EFBC}") = "DifferentExercise", "DifferentExercise\DifferentExercise.csproj", "{417F3E45-8D3D-4F7C-A497-7A5960E97867}"
EndProject
Global
	GlobalSection(SolutionConfigurationPlatforms) = preSolution
		Debug|Any CPU = Debug|Any CPU
		Release|Any CPU = Release|Any CPU
	EndGlobalSection
	GlobalSection(ProjectConfigurationPlatforms) = postSolution
		{417F3E45-8D3D-4F7C-A497-7A5960E97867}.Debug|Any CPU.ActiveCfg = Debug|Any CPU
		{417F3E45-8D3D-4F7C-A497-7A5960E97867}.Debug|Any CPU.Build.0 = Debug|Any CPU
		{417F3E45-8D3D-4F7C-A497-7A5960E97867}.Release|Any CPU.ActiveCfg = Release|Any CPU
		{417F3E45-8D3D-4F7C-A497-7A5960E97867}.Release|Any CPU.Build.0 = Release|Any CPU
	EndGlobalSection
	GlobalSection(SolutionProperties) = preSolution
		HideSolutionNode = FALSE
	EndGlobalSection
	GlobalSection(ExtensibilityGlobals) = postSolution
		SolutionGuid = {1DAF79A3-EE22-454A-B91C-AF44BCBAFDBD}
	EndGlobalSection
EndGlobal
