
Microsoft Visual Studio Solution File, Format Version 12.00
# Visual Studio Version 17
VisualStudioVersion = 17.1.32421.90
MinimumVisualStudioVersion = 10.0.40219.1
Project("{FAE04EC0-301F-11D3-BF4B-00C04F79EFBC}") = "method", "method\method.csproj", "{513F155E-4398-41BC-A68D-8434CD99CFBD}"
EndProject
Global
	GlobalSection(SolutionConfigurationPlatforms) = preSolution
		Debug|Any CPU = Debug|Any CPU
		Release|Any CPU = Release|Any CPU
	EndGlobalSection
	GlobalSection(ProjectConfigurationPlatforms) = postSolution
		{513F155E-4398-41BC-A68D-8434CD99CFBD}.Debug|Any CPU.ActiveCfg = Debug|Any CPU
		{513F155E-4398-41BC-A68D-8434CD99CFBD}.Debug|Any CPU.Build.0 = Debug|Any CPU
		{513F155E-4398-41BC-A68D-8434CD99CFBD}.Release|Any CPU.ActiveCfg = Release|Any CPU
		{513F155E-4398-41BC-A68D-8434CD99CFBD}.Release|Any CPU.Build.0 = Release|Any CPU
	EndGlobalSection
	GlobalSection(SolutionProperties) = preSolution
		HideSolutionNode = FALSE
	EndGlobalSection
	GlobalSection(ExtensibilityGlobals) = postSolution
		SolutionGuid = {F069D909-2B3A-4CCB-BCEA-9D146A7AAD6D}
	EndGlobalSection
EndGlobal
