
Microsoft Visual Studio Solution File, Format Version 12.00
# Visual Studio Version 17
VisualStudioVersion = 17.2.32630.192
MinimumVisualStudioVersion = 10.0.40219.1
Project("{FAE04EC0-301F-11D3-BF4B-00C04F79EFBC}") = "MultipleBy3", "MultipleBy3\MultipleBy3.csproj", "{1E7A3A13-5876-47EF-BD1F-BA7D60F775A3}"
EndProject
Global
	GlobalSection(SolutionConfigurationPlatforms) = preSolution
		Debug|Any CPU = Debug|Any CPU
		Release|Any CPU = Release|Any CPU
	EndGlobalSection
	GlobalSection(ProjectConfigurationPlatforms) = postSolution
		{1E7A3A13-5876-47EF-BD1F-BA7D60F775A3}.Debug|Any CPU.ActiveCfg = Debug|Any CPU
		{1E7A3A13-5876-47EF-BD1F-BA7D60F775A3}.Debug|Any CPU.Build.0 = Debug|Any CPU
		{1E7A3A13-5876-47EF-BD1F-BA7D60F775A3}.Release|Any CPU.ActiveCfg = Release|Any CPU
		{1E7A3A13-5876-47EF-BD1F-BA7D60F775A3}.Release|Any CPU.Build.0 = Release|Any CPU
	EndGlobalSection
	GlobalSection(SolutionProperties) = preSolution
		HideSolutionNode = FALSE
	EndGlobalSection
	GlobalSection(ExtensibilityGlobals) = postSolution
		SolutionGuid = {08E3BE11-AB90-4E0A-B06F-768BADFB6252}
	EndGlobalSection
EndGlobal
