
Microsoft Visual Studio Solution File, Format Version 12.00
# Visual Studio Version 17
VisualStudioVersion = 17.1.32421.90
MinimumVisualStudioVersion = 10.0.40219.1
Project("{FAE04EC0-301F-11D3-BF4B-00C04F79EFBC}") = "Polymorphism", "Polymorphism\Polymorphism.csproj", "{934BEBA1-80AA-4061-B8BF-DD3DB6988308}"
EndProject
Global
	GlobalSection(SolutionConfigurationPlatforms) = preSolution
		Debug|Any CPU = Debug|Any CPU
		Release|Any CPU = Release|Any CPU
	EndGlobalSection
	GlobalSection(ProjectConfigurationPlatforms) = postSolution
		{934BEBA1-80AA-4061-B8BF-DD3DB6988308}.Debug|Any CPU.ActiveCfg = Debug|Any CPU
		{934BEBA1-80AA-4061-B8BF-DD3DB6988308}.Debug|Any CPU.Build.0 = Debug|Any CPU
		{934BEBA1-80AA-4061-B8BF-DD3DB6988308}.Release|Any CPU.ActiveCfg = Release|Any CPU
		{934BEBA1-80AA-4061-B8BF-DD3DB6988308}.Release|Any CPU.Build.0 = Release|Any CPU
	EndGlobalSection
	GlobalSection(SolutionProperties) = preSolution
		HideSolutionNode = FALSE
	EndGlobalSection
	GlobalSection(ExtensibilityGlobals) = postSolution
		SolutionGuid = {96ED4251-7E0E-43F7-B913-F5245481E567}
	EndGlobalSection
EndGlobal
